
Microsoft Visual Studio Solution File, Format Version 12.00
# Visual Studio Version 16
VisualStudioVersion = 16.0.30907.101
MinimumVisualStudioVersion = 10.0.40219.1
Project("{FAE04EC0-301F-11D3-BF4B-00C04F79EFBC}") = "app_aspnet_core", "app_aspnet_core\app_aspnet_core.csproj", "{2BA3C362-66C7-4F58-B580-FAC7594FE40D}"
EndProject
Global
	GlobalSection(SolutionConfigurationPlatforms) = preSolution
		Debug|Any CPU = Debug|Any CPU
		Release|Any CPU = Release|Any CPU
	EndGlobalSection
	GlobalSection(ProjectConfigurationPlatforms) = postSolution
		{2BA3C362-66C7-4F58-B580-FAC7594FE40D}.Debug|Any CPU.ActiveCfg = Debug|Any CPU
		{2BA3C362-66C7-4F58-B580-FAC7594FE40D}.Debug|Any CPU.Build.0 = Debug|Any CPU
		{2BA3C362-66C7-4F58-B580-FAC7594FE40D}.Release|Any CPU.ActiveCfg = Release|Any CPU
		{2BA3C362-66C7-4F58-B580-FAC7594FE40D}.Release|Any CPU.Build.0 = Release|Any CPU
	EndGlobalSection
	GlobalSection(SolutionProperties) = preSolution
		HideSolutionNode = FALSE
	EndGlobalSection
	GlobalSection(ExtensibilityGlobals) = postSolution
		SolutionGuid = {9056E37D-626A-484C-BE58-9C62C4132A6D}
	EndGlobalSection
EndGlobal
